
Microsoft Visual Studio Solution File, Format Version 12.00
# Visual Studio Version 17
VisualStudioVersion = 17.6.33815.320
MinimumVisualStudioVersion = 10.0.40219.1
Project("{9A19103F-16F7-4668-BE54-9A1E7A4F7556}") = "Task1", "Task1\Task1.csproj", "{C0C9F200-8953-4694-830E-4D2140BABE80}"
EndProject
Project("{9A19103F-16F7-4668-BE54-9A1E7A4F7556}") = "Task2", "Task2\Task2.csproj", "{BF5E26FD-A12C-4A2F-9714-27CEE3F4B9EF}"
EndProject
Project("{9A19103F-16F7-4668-BE54-9A1E7A4F7556}") = "Task3", "Task3\Task3.csproj", "{586D241F-F80E-464B-8B41-BC770B48AFC9}"
EndProject
Project("{9A19103F-16F7-4668-BE54-9A1E7A4F7556}") = "Task4", "Task4\Task4.csproj", "{BAF01DDA-1580-4893-BA6E-4B859F8B43C8}"
EndProject
Project("{2150E333-8FDC-42A3-9474-1A3956D46DE8}") = "Task6", "Task6", "{E4BFD12B-203F-46D4-ADA9-3D83CB1212EB}"
EndProject
Project("{FAE04EC0-301F-11D3-BF4B-00C04F79EFBC}") = "Phonebook", "Task6\Phonebook\Phonebook.csproj", "{A1D1714C-8926-4F38-BAB4-A28869D9D518}"
EndProject
Project("{FAE04EC0-301F-11D3-BF4B-00C04F79EFBC}") = "PhonebookTests", "Task6\PhonebookTests\PhonebookTests.csproj", "{81DEF57F-7FD2-48F2-849F-68190A6E9ADA}"
EndProject
Global
	GlobalSection(SolutionConfigurationPlatforms) = preSolution
		Debug|Any CPU = Debug|Any CPU
		Release|Any CPU = Release|Any CPU
	EndGlobalSection
	GlobalSection(ProjectConfigurationPlatforms) = postSolution
		{C0C9F200-8953-4694-830E-4D2140BABE80}.Debug|Any CPU.ActiveCfg = Debug|Any CPU
		{C0C9F200-8953-4694-830E-4D2140BABE80}.Debug|Any CPU.Build.0 = Debug|Any CPU
		{C0C9F200-8953-4694-830E-4D2140BABE80}.Release|Any CPU.ActiveCfg = Release|Any CPU
		{C0C9F200-8953-4694-830E-4D2140BABE80}.Release|Any CPU.Build.0 = Release|Any CPU
		{BF5E26FD-A12C-4A2F-9714-27CEE3F4B9EF}.Debug|Any CPU.ActiveCfg = Debug|Any CPU
		{BF5E26FD-A12C-4A2F-9714-27CEE3F4B9EF}.Debug|Any CPU.Build.0 = Debug|Any CPU
		{BF5E26FD-A12C-4A2F-9714-27CEE3F4B9EF}.Release|Any CPU.ActiveCfg = Release|Any CPU
		{BF5E26FD-A12C-4A2F-9714-27CEE3F4B9EF}.Release|Any CPU.Build.0 = Release|Any CPU
		{586D241F-F80E-464B-8B41-BC770B48AFC9}.Debug|Any CPU.ActiveCfg = Debug|Any CPU
		{586D241F-F80E-464B-8B41-BC770B48AFC9}.Debug|Any CPU.Build.0 = Debug|Any CPU
		{586D241F-F80E-464B-8B41-BC770B48AFC9}.Release|Any CPU.ActiveCfg = Release|Any CPU
		{586D241F-F80E-464B-8B41-BC770B48AFC9}.Release|Any CPU.Build.0 = Release|Any CPU
		{BAF01DDA-1580-4893-BA6E-4B859F8B43C8}.Debug|Any CPU.ActiveCfg = Debug|Any CPU
		{BAF01DDA-1580-4893-BA6E-4B859F8B43C8}.Debug|Any CPU.Build.0 = Debug|Any CPU
		{BAF01DDA-1580-4893-BA6E-4B859F8B43C8}.Release|Any CPU.ActiveCfg = Release|Any CPU
		{BAF01DDA-1580-4893-BA6E-4B859F8B43C8}.Release|Any CPU.Build.0 = Release|Any CPU
		{A1D1714C-8926-4F38-BAB4-A28869D9D518}.Debug|Any CPU.ActiveCfg = Debug|Any CPU
		{A1D1714C-8926-4F38-BAB4-A28869D9D518}.Debug|Any CPU.Build.0 = Debug|Any CPU
		{A1D1714C-8926-4F38-BAB4-A28869D9D518}.Release|Any CPU.ActiveCfg = Release|Any CPU
		{A1D1714C-8926-4F38-BAB4-A28869D9D518}.Release|Any CPU.Build.0 = Release|Any CPU
		{81DEF57F-7FD2-48F2-849F-68190A6E9ADA}.Debug|Any CPU.ActiveCfg = Debug|Any CPU
		{81DEF57F-7FD2-48F2-849F-68190A6E9ADA}.Debug|Any CPU.Build.0 = Debug|Any CPU
		{81DEF57F-7FD2-48F2-849F-68190A6E9ADA}.Release|Any CPU.ActiveCfg = Release|Any CPU
		{81DEF57F-7FD2-48F2-849F-68190A6E9ADA}.Release|Any CPU.Build.0 = Release|Any CPU
	EndGlobalSection
	GlobalSection(SolutionProperties) = preSolution
		HideSolutionNode = FALSE
	EndGlobalSection
	GlobalSection(NestedProjects) = preSolution
		{A1D1714C-8926-4F38-BAB4-A28869D9D518} = {E4BFD12B-203F-46D4-ADA9-3D83CB1212EB}
		{81DEF57F-7FD2-48F2-849F-68190A6E9ADA} = {E4BFD12B-203F-46D4-ADA9-3D83CB1212EB}
	EndGlobalSection
	GlobalSection(ExtensibilityGlobals) = postSolution
		SolutionGuid = {711E531B-8FDD-46EB-8601-E6A216F40B9B}
	EndGlobalSection
EndGlobal
