
Microsoft Visual Studio Solution File, Format Version 12.00
# Visual Studio Version 17
VisualStudioVersion = 17.6.33815.320
MinimumVisualStudioVersion = 10.0.40219.1
Project("{9A19103F-16F7-4668-BE54-9A1E7A4F7556}") = "Task1", "Task1\Task1.csproj", "{C0C9F200-8953-4694-830E-4D2140BABE80}"
EndProject
Project("{FAE04EC0-301F-11D3-BF4B-00C04F79EFBC}") = "Task2", "Task2\Task2.csproj", "{BF5E26FD-A12C-4A2F-9714-27CEE3F4B9EF}"
EndProject
Project("{FAE04EC0-301F-11D3-BF4B-00C04F79EFBC}") = "Task3", "Task3\Task3.csproj", "{586D241F-F80E-464B-8B41-BC770B48AFC9}"
EndProject
Global
	GlobalSection(SolutionConfigurationPlatforms) = preSolution
		Debug|Any CPU = Debug|Any CPU
		Release|Any CPU = Release|Any CPU
	EndGlobalSection
	GlobalSection(ProjectConfigurationPlatforms) = postSolution
		{C0C9F200-8953-4694-830E-4D2140BABE80}.Debug|Any CPU.ActiveCfg = Debug|Any CPU
		{C0C9F200-8953-4694-830E-4D2140BABE80}.Debug|Any CPU.Build.0 = Debug|Any CPU
		{C0C9F200-8953-4694-830E-4D2140BABE80}.Release|Any CPU.ActiveCfg = Release|Any CPU
		{C0C9F200-8953-4694-830E-4D2140BABE80}.Release|Any CPU.Build.0 = Release|Any CPU
		{BF5E26FD-A12C-4A2F-9714-27CEE3F4B9EF}.Debug|Any CPU.ActiveCfg = Debug|Any CPU
		{BF5E26FD-A12C-4A2F-9714-27CEE3F4B9EF}.Debug|Any CPU.Build.0 = Debug|Any CPU
		{BF5E26FD-A12C-4A2F-9714-27CEE3F4B9EF}.Release|Any CPU.ActiveCfg = Release|Any CPU
		{BF5E26FD-A12C-4A2F-9714-27CEE3F4B9EF}.Release|Any CPU.Build.0 = Release|Any CPU
		{586D241F-F80E-464B-8B41-BC770B48AFC9}.Debug|Any CPU.ActiveCfg = Debug|Any CPU
		{586D241F-F80E-464B-8B41-BC770B48AFC9}.Debug|Any CPU.Build.0 = Debug|Any CPU
		{586D241F-F80E-464B-8B41-BC770B48AFC9}.Release|Any CPU.ActiveCfg = Release|Any CPU
		{586D241F-F80E-464B-8B41-BC770B48AFC9}.Release|Any CPU.Build.0 = Release|Any CPU
	EndGlobalSection
	GlobalSection(SolutionProperties) = preSolution
		HideSolutionNode = FALSE
	EndGlobalSection
	GlobalSection(ExtensibilityGlobals) = postSolution
		SolutionGuid = {711E531B-8FDD-46EB-8601-E6A216F40B9B}
	EndGlobalSection
EndGlobal
